
Microsoft Visual Studio Solution File, Format Version 12.00
# Visual Studio Version 17
VisualStudioVersion = 17.11.35327.3
MinimumVisualStudioVersion = 10.0.40219.1
Project("{FAE04EC0-301F-11D3-BF4B-00C04F79EFBC}") = "ConsoleApp1", "ConsoleApp1.csproj", "{2B307248-CA2F-49CA-925B-D7E1F0C39A58}"
EndProject
Global
	GlobalSection(SolutionConfigurationPlatforms) = preSolution
		Debug|Any CPU = Debug|Any CPU
		Release|Any CPU = Release|Any CPU
	EndGlobalSection
	GlobalSection(ProjectConfigurationPlatforms) = postSolution
		{2B307248-CA2F-49CA-925B-D7E1F0C39A58}.Debug|Any CPU.ActiveCfg = Debug|Any CPU
		{2B307248-CA2F-49CA-925B-D7E1F0C39A58}.Debug|Any CPU.Build.0 = Debug|Any CPU
		{2B307248-CA2F-49CA-925B-D7E1F0C39A58}.Release|Any CPU.ActiveCfg = Release|Any CPU
		{2B307248-CA2F-49CA-925B-D7E1F0C39A58}.Release|Any CPU.Build.0 = Release|Any CPU
	EndGlobalSection
	GlobalSection(SolutionProperties) = preSolution
		HideSolutionNode = FALSE
	EndGlobalSection
	GlobalSection(ExtensibilityGlobals) = postSolution
		SolutionGuid = {B5D7EC43-B881-4E95-8EE4-FB4EFC1EE1EC}
	EndGlobalSection
EndGlobal
